# This file is automatically @generated by Cargo.
# It is not intended for manual editing.
version = 3

[[package]]
name = "gpsgsv"
version = "0.1.0"
dependencies = [
 "nmea0183",
]

[[package]]
name = "nmea0183"
version = "0.3.0"
source = "registry+https://github.com/rust-lang/crates.io-index"
checksum = "be7c39b576a4bdcfa8cdf86556d41e6ae00a6e6d093c427bdd184e4f3b4be7e3"
